// !$*UTF8*$!
{
	archiveVersion = 1;
	classes = {
	};
	objectVersion = 56;
	objects = {

/* Begin PBXBuildFile section */
		C859088C2C53791C006A1FB1 /* FriendListInviteHeaderView.swift in Sources */ = {isa = PBXBuildFile; fileRef = C859088B2C53791C006A1FB1 /* FriendListInviteHeaderView.swift */; };
		C859088E2C538B21006A1FB1 /* Networking+Mock.swift in Sources */ = {isa = PBXBuildFile; fileRef = C859088D2C538B21006A1FB1 /* Networking+Mock.swift */; };
		C85908932C539F39006A1FB1 /* friend.json in Resources */ = {isa = PBXBuildFile; fileRef = C85908922C539F39006A1FB1 /* friend.json */; };
		C87B13962C4F4291009820A6 /* FriendListInviteViewCell.swift in Sources */ = {isa = PBXBuildFile; fileRef = C87B13952C4F4291009820A6 /* FriendListInviteViewCell.swift */; };
		C87B13982C4F5B1D009820A6 /* FriendListHeaderView.swift in Sources */ = {isa = PBXBuildFile; fileRef = C87B13972C4F5B1D009820A6 /* FriendListHeaderView.swift */; };
		C87B139A2C4FA315009820A6 /* FriendListEmptyView.swift in Sources */ = {isa = PBXBuildFile; fileRef = C87B13992C4FA315009820A6 /* FriendListEmptyView.swift */; };
		C87B139C2C4FACC8009820A6 /* StartViewController.swift in Sources */ = {isa = PBXBuildFile; fileRef = C87B139B2C4FACC8009820A6 /* StartViewController.swift */; };
		C87B139E2C4FB0CC009820A6 /* EndPoint.swift in Sources */ = {isa = PBXBuildFile; fileRef = C87B139D2C4FB0CC009820A6 /* EndPoint.swift */; };
		C8E43AB42C4E5238005024EC /* AppDelegate.swift in Sources */ = {isa = PBXBuildFile; fileRef = C8E43AB32C4E5238005024EC /* AppDelegate.swift */; };
		C8E43AB62C4E5238005024EC /* SceneDelegate.swift in Sources */ = {isa = PBXBuildFile; fileRef = C8E43AB52C4E5238005024EC /* SceneDelegate.swift */; };
		C8E43ABD2C4E5239005024EC /* Assets.xcassets in Resources */ = {isa = PBXBuildFile; fileRef = C8E43ABC2C4E5239005024EC /* Assets.xcassets */; };
		C8E43AC02C4E5239005024EC /* Base in Resources */ = {isa = PBXBuildFile; fileRef = C8E43ABF2C4E5239005024EC /* Base */; };
		C8E43ACB2C4E523A005024EC /* HelloFintechTests.swift in Sources */ = {isa = PBXBuildFile; fileRef = C8E43ACA2C4E523A005024EC /* HelloFintechTests.swift */; };
		C8E43AD52C4E523A005024EC /* HelloFintechUITests.swift in Sources */ = {isa = PBXBuildFile; fileRef = C8E43AD42C4E523A005024EC /* HelloFintechUITests.swift */; };
		C8E43AD72C4E523A005024EC /* HelloFintechUITestsLaunchTests.swift in Sources */ = {isa = PBXBuildFile; fileRef = C8E43AD62C4E523A005024EC /* HelloFintechUITestsLaunchTests.swift */; };
		C8E43AE42C4E52ED005024EC /* FriendListViewController.swift in Sources */ = {isa = PBXBuildFile; fileRef = C8E43AE32C4E52ED005024EC /* FriendListViewController.swift */; };
		C8E43AE72C4E5339005024EC /* FriendListView.swift in Sources */ = {isa = PBXBuildFile; fileRef = C8E43AE62C4E5339005024EC /* FriendListView.swift */; };
		C8E43AE92C4E5F48005024EC /* FriendListViewCell.swift in Sources */ = {isa = PBXBuildFile; fileRef = C8E43AE82C4E5F48005024EC /* FriendListViewCell.swift */; };
		C8E43AED2C4E62E9005024EC /* FriendModel.swift in Sources */ = {isa = PBXBuildFile; fileRef = C8E43AEC2C4E62E9005024EC /* FriendModel.swift */; };
		C8E43AF12C4E643A005024EC /* FriendListViewModel.swift in Sources */ = {isa = PBXBuildFile; fileRef = C8E43AF02C4E643A005024EC /* FriendListViewModel.swift */; };
		C8E43AF32C4E6810005024EC /* Observable.swift in Sources */ = {isa = PBXBuildFile; fileRef = C8E43AF22C4E6810005024EC /* Observable.swift */; };
/* End PBXBuildFile section */

/* Begin PBXContainerItemProxy section */
		C8E43AC72C4E523A005024EC /* PBXContainerItemProxy */ = {
			isa = PBXContainerItemProxy;
			containerPortal = C8E43AA82C4E5238005024EC /* Project object */;
			proxyType = 1;
			remoteGlobalIDString = C8E43AAF2C4E5238005024EC;
			remoteInfo = HelloFintech;
		};
		C8E43AD12C4E523A005024EC /* PBXContainerItemProxy */ = {
			isa = PBXContainerItemProxy;
			containerPortal = C8E43AA82C4E5238005024EC /* Project object */;
			proxyType = 1;
			remoteGlobalIDString = C8E43AAF2C4E5238005024EC;
			remoteInfo = HelloFintech;
		};
/* End PBXContainerItemProxy section */

/* Begin PBXFileReference section */
		C859088B2C53791C006A1FB1 /* FriendListInviteHeaderView.swift */ = {isa = PBXFileReference; lastKnownFileType = sourcecode.swift; path = FriendListInviteHeaderView.swift; sourceTree = "<group>"; };
		C859088D2C538B21006A1FB1 /* Networking+Mock.swift */ = {isa = PBXFileReference; lastKnownFileType = sourcecode.swift; path = "Networking+Mock.swift"; sourceTree = "<group>"; };
		C85908922C539F39006A1FB1 /* friend.json */ = {isa = PBXFileReference; fileEncoding = 4; lastKnownFileType = text.json; path = friend.json; sourceTree = "<group>"; };
		C87B13952C4F4291009820A6 /* FriendListInviteViewCell.swift */ = {isa = PBXFileReference; lastKnownFileType = sourcecode.swift; path = FriendListInviteViewCell.swift; sourceTree = "<group>"; };
		C87B13972C4F5B1D009820A6 /* FriendListHeaderView.swift */ = {isa = PBXFileReference; lastKnownFileType = sourcecode.swift; path = FriendListHeaderView.swift; sourceTree = "<group>"; };
		C87B13992C4FA315009820A6 /* FriendListEmptyView.swift */ = {isa = PBXFileReference; lastKnownFileType = sourcecode.swift; path = FriendListEmptyView.swift; sourceTree = "<group>"; };
		C87B139B2C4FACC8009820A6 /* StartViewController.swift */ = {isa = PBXFileReference; lastKnownFileType = sourcecode.swift; path = StartViewController.swift; sourceTree = "<group>"; };
		C87B139D2C4FB0CC009820A6 /* EndPoint.swift */ = {isa = PBXFileReference; lastKnownFileType = sourcecode.swift; path = EndPoint.swift; sourceTree = "<group>"; };
		C8E43AB02C4E5238005024EC /* HelloFintech.app */ = {isa = PBXFileReference; explicitFileType = wrapper.application; includeInIndex = 0; path = HelloFintech.app; sourceTree = BUILT_PRODUCTS_DIR; };
		C8E43AB32C4E5238005024EC /* AppDelegate.swift */ = {isa = PBXFileReference; lastKnownFileType = sourcecode.swift; path = AppDelegate.swift; sourceTree = "<group>"; };
		C8E43AB52C4E5238005024EC /* SceneDelegate.swift */ = {isa = PBXFileReference; lastKnownFileType = sourcecode.swift; path = SceneDelegate.swift; sourceTree = "<group>"; };
		C8E43ABC2C4E5239005024EC /* Assets.xcassets */ = {isa = PBXFileReference; lastKnownFileType = folder.assetcatalog; path = Assets.xcassets; sourceTree = "<group>"; };
		C8E43ABF2C4E5239005024EC /* Base */ = {isa = PBXFileReference; lastKnownFileType = file.storyboard; name = Base; path = Base.lproj/LaunchScreen.storyboard; sourceTree = "<group>"; };
		C8E43AC12C4E5239005024EC /* Info.plist */ = {isa = PBXFileReference; lastKnownFileType = text.plist.xml; path = Info.plist; sourceTree = "<group>"; };
		C8E43AC62C4E523A005024EC /* HelloFintechTests.xctest */ = {isa = PBXFileReference; explicitFileType = wrapper.cfbundle; includeInIndex = 0; path = HelloFintechTests.xctest; sourceTree = BUILT_PRODUCTS_DIR; };
		C8E43ACA2C4E523A005024EC /* HelloFintechTests.swift */ = {isa = PBXFileReference; lastKnownFileType = sourcecode.swift; path = HelloFintechTests.swift; sourceTree = "<group>"; };
		C8E43AD02C4E523A005024EC /* HelloFintechUITests.xctest */ = {isa = PBXFileReference; explicitFileType = wrapper.cfbundle; includeInIndex = 0; path = HelloFintechUITests.xctest; sourceTree = BUILT_PRODUCTS_DIR; };
		C8E43AD42C4E523A005024EC /* HelloFintechUITests.swift */ = {isa = PBXFileReference; lastKnownFileType = sourcecode.swift; path = HelloFintechUITests.swift; sourceTree = "<group>"; };
		C8E43AD62C4E523A005024EC /* HelloFintechUITestsLaunchTests.swift */ = {isa = PBXFileReference; lastKnownFileType = sourcecode.swift; path = HelloFintechUITestsLaunchTests.swift; sourceTree = "<group>"; };
		C8E43AE32C4E52ED005024EC /* FriendListViewController.swift */ = {isa = PBXFileReference; lastKnownFileType = sourcecode.swift; path = FriendListViewController.swift; sourceTree = "<group>"; };
		C8E43AE62C4E5339005024EC /* FriendListView.swift */ = {isa = PBXFileReference; lastKnownFileType = sourcecode.swift; path = FriendListView.swift; sourceTree = "<group>"; };
		C8E43AE82C4E5F48005024EC /* FriendListViewCell.swift */ = {isa = PBXFileReference; lastKnownFileType = sourcecode.swift; path = FriendListViewCell.swift; sourceTree = "<group>"; };
		C8E43AEC2C4E62E9005024EC /* FriendModel.swift */ = {isa = PBXFileReference; lastKnownFileType = sourcecode.swift; path = FriendModel.swift; sourceTree = "<group>"; };
		C8E43AF02C4E643A005024EC /* FriendListViewModel.swift */ = {isa = PBXFileReference; lastKnownFileType = sourcecode.swift; path = FriendListViewModel.swift; sourceTree = "<group>"; };
		C8E43AF22C4E6810005024EC /* Observable.swift */ = {isa = PBXFileReference; lastKnownFileType = sourcecode.swift; path = Observable.swift; sourceTree = "<group>"; };
/* End PBXFileReference section */

/* Begin PBXFrameworksBuildPhase section */
		C8E43AAD2C4E5238005024EC /* Frameworks */ = {
			isa = PBXFrameworksBuildPhase;
			buildActionMask = 2147483647;
			files = (
			);
			runOnlyForDeploymentPostprocessing = 0;
		};
		C8E43AC32C4E523A005024EC /* Frameworks */ = {
			isa = PBXFrameworksBuildPhase;
			buildActionMask = 2147483647;
			files = (
			);
			runOnlyForDeploymentPostprocessing = 0;
		};
		C8E43ACD2C4E523A005024EC /* Frameworks */ = {
			isa = PBXFrameworksBuildPhase;
			buildActionMask = 2147483647;
			files = (
			);
			runOnlyForDeploymentPostprocessing = 0;
		};
/* End PBXFrameworksBuildPhase section */

/* Begin PBXGroup section */
		C8E43AA72C4E5238005024EC = {
			isa = PBXGroup;
			children = (
				C8E43AB22C4E5238005024EC /* HelloFintech */,
				C8E43AC92C4E523A005024EC /* HelloFintechTests */,
				C8E43AD32C4E523A005024EC /* HelloFintechUITests */,
				C8E43AB12C4E5238005024EC /* Products */,
			);
			sourceTree = "<group>";
		};
		C8E43AB12C4E5238005024EC /* Products */ = {
			isa = PBXGroup;
			children = (
				C8E43AB02C4E5238005024EC /* HelloFintech.app */,
				C8E43AC62C4E523A005024EC /* HelloFintechTests.xctest */,
				C8E43AD02C4E523A005024EC /* HelloFintechUITests.xctest */,
			);
			name = Products;
			sourceTree = "<group>";
		};
		C8E43AB22C4E5238005024EC /* HelloFintech */ = {
			isa = PBXGroup;
			children = (
				C8E43AE52C4E5325005024EC /* FriendList */,
				C8E43AB32C4E5238005024EC /* AppDelegate.swift */,
				C8E43AB52C4E5238005024EC /* SceneDelegate.swift */,
				C8E43ABC2C4E5239005024EC /* Assets.xcassets */,
				C8E43ABE2C4E5239005024EC /* LaunchScreen.storyboard */,
				C8E43AC12C4E5239005024EC /* Info.plist */,
				C8E43AEC2C4E62E9005024EC /* FriendModel.swift */,
				C8E43AF22C4E6810005024EC /* Observable.swift */,
				C87B139B2C4FACC8009820A6 /* StartViewController.swift */,
				C87B139D2C4FB0CC009820A6 /* EndPoint.swift */,
				C859088D2C538B21006A1FB1 /* Networking+Mock.swift */,
			);
			path = HelloFintech;
			sourceTree = "<group>";
		};
		C8E43AC92C4E523A005024EC /* HelloFintechTests */ = {
			isa = PBXGroup;
			children = (
				C85908922C539F39006A1FB1 /* friend.json */,
				C8E43ACA2C4E523A005024EC /* HelloFintechTests.swift */,
			);
			path = HelloFintechTests;
			sourceTree = "<group>";
		};
		C8E43AD32C4E523A005024EC /* HelloFintechUITests */ = {
			isa = PBXGroup;
			children = (
				C8E43AD42C4E523A005024EC /* HelloFintechUITests.swift */,
				C8E43AD62C4E523A005024EC /* HelloFintechUITestsLaunchTests.swift */,
			);
			path = HelloFintechUITests;
			sourceTree = "<group>";
		};
		C8E43AE52C4E5325005024EC /* FriendList */ = {
			isa = PBXGroup;
			children = (
				C8E43AE32C4E52ED005024EC /* FriendListViewController.swift */,
				C8E43AE62C4E5339005024EC /* FriendListView.swift */,
				C87B13992C4FA315009820A6 /* FriendListEmptyView.swift */,
				C8E43AE82C4E5F48005024EC /* FriendListViewCell.swift */,
				C87B13952C4F4291009820A6 /* FriendListInviteViewCell.swift */,
				C8E43AF02C4E643A005024EC /* FriendListViewModel.swift */,
				C87B13972C4F5B1D009820A6 /* FriendListHeaderView.swift */,
				C859088B2C53791C006A1FB1 /* FriendListInviteHeaderView.swift */,
			);
			path = FriendList;
			sourceTree = "<group>";
		};
/* End PBXGroup section */

/* Begin PBXNativeTarget section */
		C8E43AAF2C4E5238005024EC /* HelloFintech */ = {
			isa = PBXNativeTarget;
			buildConfigurationList = C8E43ADA2C4E523A005024EC /* Build configuration list for PBXNativeTarget "HelloFintech" */;
			buildPhases = (
				C8E43AAC2C4E5238005024EC /* Sources */,
				C8E43AAD2C4E5238005024EC /* Frameworks */,
				C8E43AAE2C4E5238005024EC /* Resources */,
			);
			buildRules = (
			);
			dependencies = (
			);
			name = HelloFintech;
			productName = HelloFintech;
			productReference = C8E43AB02C4E5238005024EC /* HelloFintech.app */;
			productType = "com.apple.product-type.application";
		};
		C8E43AC52C4E523A005024EC /* HelloFintechTests */ = {
			isa = PBXNativeTarget;
			buildConfigurationList = C8E43ADD2C4E523A005024EC /* Build configuration list for PBXNativeTarget "HelloFintechTests" */;
			buildPhases = (
				C8E43AC22C4E523A005024EC /* Sources */,
				C8E43AC32C4E523A005024EC /* Frameworks */,
				C8E43AC42C4E523A005024EC /* Resources */,
			);
			buildRules = (
			);
			dependencies = (
				C8E43AC82C4E523A005024EC /* PBXTargetDependency */,
			);
			name = HelloFintechTests;
			productName = HelloFintechTests;
			productReference = C8E43AC62C4E523A005024EC /* HelloFintechTests.xctest */;
			productType = "com.apple.product-type.bundle.unit-test";
		};
		C8E43ACF2C4E523A005024EC /* HelloFintechUITests */ = {
			isa = PBXNativeTarget;
			buildConfigurationList = C8E43AE02C4E523A005024EC /* Build configuration list for PBXNativeTarget "HelloFintechUITests" */;
			buildPhases = (
				C8E43ACC2C4E523A005024EC /* Sources */,
				C8E43ACD2C4E523A005024EC /* Frameworks */,
				C8E43ACE2C4E523A005024EC /* Resources */,
			);
			buildRules = (
			);
			dependencies = (
				C8E43AD22C4E523A005024EC /* PBXTargetDependency */,
			);
			name = HelloFintechUITests;
			productName = HelloFintechUITests;
			productReference = C8E43AD02C4E523A005024EC /* HelloFintechUITests.xctest */;
			productType = "com.apple.product-type.bundle.ui-testing";
		};
/* End PBXNativeTarget section */

/* Begin PBXProject section */
		C8E43AA82C4E5238005024EC /* Project object */ = {
			isa = PBXProject;
			attributes = {
				BuildIndependentTargetsInParallel = 1;
				LastSwiftUpdateCheck = 1540;
				LastUpgradeCheck = 1540;
				TargetAttributes = {
					C8E43AAF2C4E5238005024EC = {
						CreatedOnToolsVersion = 15.4;
					};
					C8E43AC52C4E523A005024EC = {
						CreatedOnToolsVersion = 15.4;
						TestTargetID = C8E43AAF2C4E5238005024EC;
					};
					C8E43ACF2C4E523A005024EC = {
						CreatedOnToolsVersion = 15.4;
						TestTargetID = C8E43AAF2C4E5238005024EC;
					};
				};
			};
			buildConfigurationList = C8E43AAB2C4E5238005024EC /* Build configuration list for PBXProject "HelloFintech" */;
			compatibilityVersion = "Xcode 14.0";
			developmentRegion = en;
			hasScannedForEncodings = 0;
			knownRegions = (
				en,
				Base,
			);
			mainGroup = C8E43AA72C4E5238005024EC;
			productRefGroup = C8E43AB12C4E5238005024EC /* Products */;
			projectDirPath = "";
			projectRoot = "";
			targets = (
				C8E43AAF2C4E5238005024EC /* HelloFintech */,
				C8E43AC52C4E523A005024EC /* HelloFintechTests */,
				C8E43ACF2C4E523A005024EC /* HelloFintechUITests */,
			);
		};
/* End PBXProject section */

/* Begin PBXResourcesBuildPhase section */
		C8E43AAE2C4E5238005024EC /* Resources */ = {
			isa = PBXResourcesBuildPhase;
			buildActionMask = 2147483647;
			files = (
				C8E43ABD2C4E5239005024EC /* Assets.xcassets in Resources */,
				C8E43AC02C4E5239005024EC /* Base in Resources */,
			);
			runOnlyForDeploymentPostprocessing = 0;
		};
		C8E43AC42C4E523A005024EC /* Resources */ = {
			isa = PBXResourcesBuildPhase;
			buildActionMask = 2147483647;
			files = (
				C85908932C539F39006A1FB1 /* friend.json in Resources */,
			);
			runOnlyForDeploymentPostprocessing = 0;
		};
		C8E43ACE2C4E523A005024EC /* Resources */ = {
			isa = PBXResourcesBuildPhase;
			buildActionMask = 2147483647;
			files = (
			);
			runOnlyForDeploymentPostprocessing = 0;
		};
/* End PBXResourcesBuildPhase section */

/* Begin PBXSourcesBuildPhase section */
		C8E43AAC2C4E5238005024EC /* Sources */ = {
			isa = PBXSourcesBuildPhase;
			buildActionMask = 2147483647;
			files = (
				C87B139E2C4FB0CC009820A6 /* EndPoint.swift in Sources */,
				C8E43AF32C4E6810005024EC /* Observable.swift in Sources */,
				C8E43AE92C4E5F48005024EC /* FriendListViewCell.swift in Sources */,
				C8E43AED2C4E62E9005024EC /* FriendModel.swift in Sources */,
				C8E43AE42C4E52ED005024EC /* FriendListViewController.swift in Sources */,
				C87B139A2C4FA315009820A6 /* FriendListEmptyView.swift in Sources */,
				C87B139C2C4FACC8009820A6 /* StartViewController.swift in Sources */,
				C859088E2C538B21006A1FB1 /* Networking+Mock.swift in Sources */,
				C8E43AF12C4E643A005024EC /* FriendListViewModel.swift in Sources */,
				C87B13982C4F5B1D009820A6 /* FriendListHeaderView.swift in Sources */,
				C8E43AB42C4E5238005024EC /* AppDelegate.swift in Sources */,
				C859088C2C53791C006A1FB1 /* FriendListInviteHeaderView.swift in Sources */,
				C8E43AE72C4E5339005024EC /* FriendListView.swift in Sources */,
				C87B13962C4F4291009820A6 /* FriendListInviteViewCell.swift in Sources */,
				C8E43AB62C4E5238005024EC /* SceneDelegate.swift in Sources */,
			);
			runOnlyForDeploymentPostprocessing = 0;
		};
		C8E43AC22C4E523A005024EC /* Sources */ = {
			isa = PBXSourcesBuildPhase;
			buildActionMask = 2147483647;
			files = (
				C8E43ACB2C4E523A005024EC /* HelloFintechTests.swift in Sources */,
			);
			runOnlyForDeploymentPostprocessing = 0;
		};
		C8E43ACC2C4E523A005024EC /* Sources */ = {
			isa = PBXSourcesBuildPhase;
			buildActionMask = 2147483647;
			files = (
				C8E43AD52C4E523A005024EC /* HelloFintechUITests.swift in Sources */,
				C8E43AD72C4E523A005024EC /* HelloFintechUITestsLaunchTests.swift in Sources */,
			);
			runOnlyForDeploymentPostprocessing = 0;
		};
/* End PBXSourcesBuildPhase section */

/* Begin PBXTargetDependency section */
		C8E43AC82C4E523A005024EC /* PBXTargetDependency */ = {
			isa = PBXTargetDependency;
			target = C8E43AAF2C4E5238005024EC /* HelloFintech */;
			targetProxy = C8E43AC72C4E523A005024EC /* PBXContainerItemProxy */;
		};
		C8E43AD22C4E523A005024EC /* PBXTargetDependency */ = {
			isa = PBXTargetDependency;
			target = C8E43AAF2C4E5238005024EC /* HelloFintech */;
			targetProxy = C8E43AD12C4E523A005024EC /* PBXContainerItemProxy */;
		};
/* End PBXTargetDependency section */

/* Begin PBXVariantGroup section */
		C8E43ABE2C4E5239005024EC /* LaunchScreen.storyboard */ = {
			isa = PBXVariantGroup;
			children = (
				C8E43ABF2C4E5239005024EC /* Base */,
			);
			name = LaunchScreen.storyboard;
			sourceTree = "<group>";
		};
/* End PBXVariantGroup section */

/* Begin XCBuildConfiguration section */
		C8E43AD82C4E523A005024EC /* Debug */ = {
			isa = XCBuildConfiguration;
			buildSettings = {
				ALWAYS_SEARCH_USER_PATHS = NO;
				ASSETCATALOG_COMPILER_GENERATE_SWIFT_ASSET_SYMBOL_EXTENSIONS = YES;
				CLANG_ANALYZER_NONNULL = YES;
				CLANG_ANALYZER_NUMBER_OBJECT_CONVERSION = YES_AGGRESSIVE;
				CLANG_CXX_LANGUAGE_STANDARD = "gnu++20";
				CLANG_ENABLE_MODULES = YES;
				CLANG_ENABLE_OBJC_ARC = YES;
				CLANG_ENABLE_OBJC_WEAK = YES;
				CLANG_WARN_BLOCK_CAPTURE_AUTORELEASING = YES;
				CLANG_WARN_BOOL_CONVERSION = YES;
				CLANG_WARN_COMMA = YES;
				CLANG_WARN_CONSTANT_CONVERSION = YES;
				CLANG_WARN_DEPRECATED_OBJC_IMPLEMENTATIONS = YES;
				CLANG_WARN_DIRECT_OBJC_ISA_USAGE = YES_ERROR;
				CLANG_WARN_DOCUMENTATION_COMMENTS = YES;
				CLANG_WARN_EMPTY_BODY = YES;
				CLANG_WARN_ENUM_CONVERSION = YES;
				CLANG_WARN_INFINITE_RECURSION = YES;
				CLANG_WARN_INT_CONVERSION = YES;
				CLANG_WARN_NON_LITERAL_NULL_CONVERSION = YES;
				CLANG_WARN_OBJC_IMPLICIT_RETAIN_SELF = YES;
				CLANG_WARN_OBJC_LITERAL_CONVERSION = YES;
				CLANG_WARN_OBJC_ROOT_CLASS = YES_ERROR;
				CLANG_WARN_QUOTED_INCLUDE_IN_FRAMEWORK_HEADER = YES;
				CLANG_WARN_RANGE_LOOP_ANALYSIS = YES;
				CLANG_WARN_STRICT_PROTOTYPES = YES;
				CLANG_WARN_SUSPICIOUS_MOVE = YES;
				CLANG_WARN_UNGUARDED_AVAILABILITY = YES_AGGRESSIVE;
				CLANG_WARN_UNREACHABLE_CODE = YES;
				CLANG_WARN__DUPLICATE_METHOD_MATCH = YES;
				COPY_PHASE_STRIP = NO;
				DEBUG_INFORMATION_FORMAT = dwarf;
				ENABLE_STRICT_OBJC_MSGSEND = YES;
				ENABLE_TESTABILITY = YES;
				ENABLE_USER_SCRIPT_SANDBOXING = YES;
				GCC_C_LANGUAGE_STANDARD = gnu17;
				GCC_DYNAMIC_NO_PIC = NO;
				GCC_NO_COMMON_BLOCKS = YES;
				GCC_OPTIMIZATION_LEVEL = 0;
				GCC_PREPROCESSOR_DEFINITIONS = (
					"DEBUG=1",
					"$(inherited)",
				);
				GCC_WARN_64_TO_32_BIT_CONVERSION = YES;
				GCC_WARN_ABOUT_RETURN_TYPE = YES_ERROR;
				GCC_WARN_UNDECLARED_SELECTOR = YES;
				GCC_WARN_UNINITIALIZED_AUTOS = YES_AGGRESSIVE;
				GCC_WARN_UNUSED_FUNCTION = YES;
				GCC_WARN_UNUSED_VARIABLE = YES;
				IPHONEOS_DEPLOYMENT_TARGET = 17.5;
				LOCALIZATION_PREFERS_STRING_CATALOGS = YES;
				MTL_ENABLE_DEBUG_INFO = INCLUDE_SOURCE;
				MTL_FAST_MATH = YES;
				ONLY_ACTIVE_ARCH = YES;
				SDKROOT = iphoneos;
				SWIFT_ACTIVE_COMPILATION_CONDITIONS = "DEBUG $(inherited)";
				SWIFT_OPTIMIZATION_LEVEL = "-Onone";
			};
			name = Debug;
		};
		C8E43AD92C4E523A005024EC /* Release */ = {
			isa = XCBuildConfiguration;
			buildSettings = {
				ALWAYS_SEARCH_USER_PATHS = NO;
				ASSETCATALOG_COMPILER_GENERATE_SWIFT_ASSET_SYMBOL_EXTENSIONS = YES;
				CLANG_ANALYZER_NONNULL = YES;
				CLANG_ANALYZER_NUMBER_OBJECT_CONVERSION = YES_AGGRESSIVE;
				CLANG_CXX_LANGUAGE_STANDARD = "gnu++20";
				CLANG_ENABLE_MODULES = YES;
				CLANG_ENABLE_OBJC_ARC = YES;
				CLANG_ENABLE_OBJC_WEAK = YES;
				CLANG_WARN_BLOCK_CAPTURE_AUTORELEASING = YES;
				CLANG_WARN_BOOL_CONVERSION = YES;
				CLANG_WARN_COMMA = YES;
				CLANG_WARN_CONSTANT_CONVERSION = YES;
				CLANG_WARN_DEPRECATED_OBJC_IMPLEMENTATIONS = YES;
				CLANG_WARN_DIRECT_OBJC_ISA_USAGE = YES_ERROR;
				CLANG_WARN_DOCUMENTATION_COMMENTS = YES;
				CLANG_WARN_EMPTY_BODY = YES;
				CLANG_WARN_ENUM_CONVERSION = YES;
				CLANG_WARN_INFINITE_RECURSION = YES;
				CLANG_WARN_INT_CONVERSION = YES;
				CLANG_WARN_NON_LITERAL_NULL_CONVERSION = YES;
				CLANG_WARN_OBJC_IMPLICIT_RETAIN_SELF = YES;
				CLANG_WARN_OBJC_LITERAL_CONVERSION = YES;
				CLANG_WARN_OBJC_ROOT_CLASS = YES_ERROR;
				CLANG_WARN_QUOTED_INCLUDE_IN_FRAMEWORK_HEADER = YES;
				CLANG_WARN_RANGE_LOOP_ANALYSIS = YES;
				CLANG_WARN_STRICT_PROTOTYPES = YES;
				CLANG_WARN_SUSPICIOUS_MOVE = YES;
				CLANG_WARN_UNGUARDED_AVAILABILITY = YES_AGGRESSIVE;
				CLANG_WARN_UNREACHABLE_CODE = YES;
				CLANG_WARN__DUPLICATE_METHOD_MATCH = YES;
				COPY_PHASE_STRIP = NO;
				DEBUG_INFORMATION_FORMAT = "dwarf-with-dsym";
				ENABLE_NS_ASSERTIONS = NO;
				ENABLE_STRICT_OBJC_MSGSEND = YES;
				ENABLE_USER_SCRIPT_SANDBOXING = YES;
				GCC_C_LANGUAGE_STANDARD = gnu17;
				GCC_NO_COMMON_BLOCKS = YES;
				GCC_WARN_64_TO_32_BIT_CONVERSION = YES;
				GCC_WARN_ABOUT_RETURN_TYPE = YES_ERROR;
				GCC_WARN_UNDECLARED_SELECTOR = YES;
				GCC_WARN_UNINITIALIZED_AUTOS = YES_AGGRESSIVE;
				GCC_WARN_UNUSED_FUNCTION = YES;
				GCC_WARN_UNUSED_VARIABLE = YES;
				IPHONEOS_DEPLOYMENT_TARGET = 17.5;
				LOCALIZATION_PREFERS_STRING_CATALOGS = YES;
				MTL_ENABLE_DEBUG_INFO = NO;
				MTL_FAST_MATH = YES;
				SDKROOT = iphoneos;
				SWIFT_COMPILATION_MODE = wholemodule;
				VALIDATE_PRODUCT = YES;
			};
			name = Release;
		};
		C8E43ADB2C4E523A005024EC /* Debug */ = {
			isa = XCBuildConfiguration;
			buildSettings = {
				ASSETCATALOG_COMPILER_APPICON_NAME = AppIcon;
				ASSETCATALOG_COMPILER_GLOBAL_ACCENT_COLOR_NAME = AccentColor;
				CODE_SIGN_STYLE = Automatic;
				CURRENT_PROJECT_VERSION = 1;
				GENERATE_INFOPLIST_FILE = YES;
				INFOPLIST_FILE = HelloFintech/Info.plist;
				INFOPLIST_KEY_UIApplicationSupportsIndirectInputEvents = YES;
				INFOPLIST_KEY_UILaunchStoryboardName = LaunchScreen;
				INFOPLIST_KEY_UIMainStoryboardFile = "";
				INFOPLIST_KEY_UISupportedInterfaceOrientations_iPad = "UIInterfaceOrientationPortrait UIInterfaceOrientationPortraitUpsideDown UIInterfaceOrientationLandscapeLeft UIInterfaceOrientationLandscapeRight";
				INFOPLIST_KEY_UISupportedInterfaceOrientations_iPhone = "UIInterfaceOrientationPortrait UIInterfaceOrientationLandscapeLeft UIInterfaceOrientationLandscapeRight";
				LD_RUNPATH_SEARCH_PATHS = (
					"$(inherited)",
					"@executable_path/Frameworks",
				);
				MARKETING_VERSION = 1.0;
				PRODUCT_BUNDLE_IDENTIFIER = williamliao.HelloFintech;
				PRODUCT_NAME = "$(TARGET_NAME)";
				SWIFT_EMIT_LOC_STRINGS = YES;
				SWIFT_VERSION = 5.0;
				TARGETED_DEVICE_FAMILY = "1,2";
			};
			name = Debug;
		};
		C8E43ADC2C4E523A005024EC /* Release */ = {
			isa = XCBuildConfiguration;
			buildSettings = {
				ASSETCATALOG_COMPILER_APPICON_NAME = AppIcon;
				ASSETCATALOG_COMPILER_GLOBAL_ACCENT_COLOR_NAME = AccentColor;
				CODE_SIGN_STYLE = Automatic;
				CURRENT_PROJECT_VERSION = 1;
				GENERATE_INFOPLIST_FILE = YES;
				INFOPLIST_FILE = HelloFintech/Info.plist;
				INFOPLIST_KEY_UIApplicationSupportsIndirectInputEvents = YES;
				INFOPLIST_KEY_UILaunchStoryboardName = LaunchScreen;
				INFOPLIST_KEY_UIMainStoryboardFile = "";
				INFOPLIST_KEY_UISupportedInterfaceOrientations_iPad = "UIInterfaceOrientationPortrait UIInterfaceOrientationPortraitUpsideDown UIInterfaceOrientationLandscapeLeft UIInterfaceOrientationLandscapeRight";
				INFOPLIST_KEY_UISupportedInterfaceOrientations_iPhone = "UIInterfaceOrientationPortrait UIInterfaceOrientationLandscapeLeft UIInterfaceOrientationLandscapeRight";
				LD_RUNPATH_SEARCH_PATHS = (
					"$(inherited)",
					"@executable_path/Frameworks",
				);
				MARKETING_VERSION = 1.0;
				PRODUCT_BUNDLE_IDENTIFIER = williamliao.HelloFintech;
				PRODUCT_NAME = "$(TARGET_NAME)";
				SWIFT_EMIT_LOC_STRINGS = YES;
				SWIFT_VERSION = 5.0;
				TARGETED_DEVICE_FAMILY = "1,2";
			};
			name = Release;
		};
		C8E43ADE2C4E523A005024EC /* Debug */ = {
			isa = XCBuildConfiguration;
			buildSettings = {
				ALWAYS_EMBED_SWIFT_STANDARD_LIBRARIES = YES;
				BUNDLE_LOADER = "$(TEST_HOST)";
				CODE_SIGN_STYLE = Automatic;
				CURRENT_PROJECT_VERSION = 1;
				GENERATE_INFOPLIST_FILE = YES;
				IPHONEOS_DEPLOYMENT_TARGET = 17.5;
				MARKETING_VERSION = 1.0;
				PRODUCT_BUNDLE_IDENTIFIER = williamliao.HelloFintechTests;
				PRODUCT_NAME = "$(TARGET_NAME)";
				SWIFT_EMIT_LOC_STRINGS = NO;
				SWIFT_VERSION = 5.0;
				TARGETED_DEVICE_FAMILY = "1,2";
				TEST_HOST = "$(BUILT_PRODUCTS_DIR)/HelloFintech.app/$(BUNDLE_EXECUTABLE_FOLDER_PATH)/HelloFintech";
			};
			name = Debug;
		};
		C8E43ADF2C4E523A005024EC /* Release */ = {
			isa = XCBuildConfiguration;
			buildSettings = {
				ALWAYS_EMBED_SWIFT_STANDARD_LIBRARIES = YES;
				BUNDLE_LOADER = "$(TEST_HOST)";
				CODE_SIGN_STYLE = Automatic;
				CURRENT_PROJECT_VERSION = 1;
				GENERATE_INFOPLIST_FILE = YES;
				IPHONEOS_DEPLOYMENT_TARGET = 17.5;
				MARKETING_VERSION = 1.0;
				PRODUCT_BUNDLE_IDENTIFIER = williamliao.HelloFintechTests;
				PRODUCT_NAME = "$(TARGET_NAME)";
				SWIFT_EMIT_LOC_STRINGS = NO;
				SWIFT_VERSION = 5.0;
				TARGETED_DEVICE_FAMILY = "1,2";
				TEST_HOST = "$(BUILT_PRODUCTS_DIR)/HelloFintech.app/$(BUNDLE_EXECUTABLE_FOLDER_PATH)/HelloFintech";
			};
			name = Release;
		};
		C8E43AE12C4E523A005024EC /* Debug */ = {
			isa = XCBuildConfiguration;
			buildSettings = {
				ALWAYS_EMBED_SWIFT_STANDARD_LIBRARIES = YES;
				CODE_SIGN_STYLE = Automatic;
				CURRENT_PROJECT_VERSION = 1;
				GENERATE_INFOPLIST_FILE = YES;
				MARKETING_VERSION = 1.0;
				PRODUCT_BUNDLE_IDENTIFIER = williamliao.HelloFintechUITests;
				PRODUCT_NAME = "$(TARGET_NAME)";
				SWIFT_EMIT_LOC_STRINGS = NO;
				SWIFT_VERSION = 5.0;
				TARGETED_DEVICE_FAMILY = "1,2";
				TEST_TARGET_NAME = HelloFintech;
			};
			name = Debug;
		};
		C8E43AE22C4E523A005024EC /* Release */ = {
			isa = XCBuildConfiguration;
			buildSettings = {
				ALWAYS_EMBED_SWIFT_STANDARD_LIBRARIES = YES;
				CODE_SIGN_STYLE = Automatic;
				CURRENT_PROJECT_VERSION = 1;
				GENERATE_INFOPLIST_FILE = YES;
				MARKETING_VERSION = 1.0;
				PRODUCT_BUNDLE_IDENTIFIER = williamliao.HelloFintechUITests;
				PRODUCT_NAME = "$(TARGET_NAME)";
				SWIFT_EMIT_LOC_STRINGS = NO;
				SWIFT_VERSION = 5.0;
				TARGETED_DEVICE_FAMILY = "1,2";
				TEST_TARGET_NAME = HelloFintech;
			};
			name = Release;
		};
/* End XCBuildConfiguration section */

/* Begin XCConfigurationList section */
		C8E43AAB2C4E5238005024EC /* Build configuration list for PBXProject "HelloFintech" */ = {
			isa = XCConfigurationList;
			buildConfigurations = (
				C8E43AD82C4E523A005024EC /* Debug */,
				C8E43AD92C4E523A005024EC /* Release */,
			);
			defaultConfigurationIsVisible = 0;
			defaultConfigurationName = Release;
		};
		C8E43ADA2C4E523A005024EC /* Build configuration list for PBXNativeTarget "HelloFintech" */ = {
			isa = XCConfigurationList;
			buildConfigurations = (
				C8E43ADB2C4E523A005024EC /* Debug */,
				C8E43ADC2C4E523A005024EC /* Release */,
			);
			defaultConfigurationIsVisible = 0;
			defaultConfigurationName = Release;
		};
		C8E43ADD2C4E523A005024EC /* Build configuration list for PBXNativeTarget "HelloFintechTests" */ = {
			isa = XCConfigurationList;
			buildConfigurations = (
				C8E43ADE2C4E523A005024EC /* Debug */,
				C8E43ADF2C4E523A005024EC /* Release */,
			);
			defaultConfigurationIsVisible = 0;
			defaultConfigurationName = Release;
		};
		C8E43AE02C4E523A005024EC /* Build configuration list for PBXNativeTarget "HelloFintechUITests" */ = {
			isa = XCConfigurationList;
			buildConfigurations = (
				C8E43AE12C4E523A005024EC /* Debug */,
				C8E43AE22C4E523A005024EC /* Release */,
			);
			defaultConfigurationIsVisible = 0;
			defaultConfigurationName = Release;
		};
/* End XCConfigurationList section */
	};
	rootObject = C8E43AA82C4E5238005024EC /* Project object */;
}
